
Microsoft Visual Studio Solution File, Format Version 12.00
# Visual Studio Version 17
VisualStudioVersion = 17.14.36414.22 d17.14
MinimumVisualStudioVersion = 10.0.40219.1
Project("{FAE04EC0-301F-11D3-BF4B-00C04F79EFBC}") = "AttendanceApi", "AttendanceApi\AttendanceApi.csproj", "{89FCCB9A-095C-4408-B9F5-ADD5C482B339}"
EndProject
Global
	GlobalSection(SolutionConfigurationPlatforms) = preSolution
		Debug|Any CPU = Debug|Any CPU
		Release|Any CPU = Release|Any CPU
	EndGlobalSection
	GlobalSection(ProjectConfigurationPlatforms) = postSolution
		{89FCCB9A-095C-4408-B9F5-ADD5C482B339}.Debug|Any CPU.ActiveCfg = Debug|Any CPU
		{89FCCB9A-095C-4408-B9F5-ADD5C482B339}.Debug|Any CPU.Build.0 = Debug|Any CPU
		{89FCCB9A-095C-4408-B9F5-ADD5C482B339}.Release|Any CPU.ActiveCfg = Release|Any CPU
		{89FCCB9A-095C-4408-B9F5-ADD5C482B339}.Release|Any CPU.Build.0 = Release|Any CPU
	EndGlobalSection
	GlobalSection(SolutionProperties) = preSolution
		HideSolutionNode = FALSE
	EndGlobalSection
	GlobalSection(ExtensibilityGlobals) = postSolution
		SolutionGuid = {9D6A99C6-BFD9-48A8-8EEF-59E52F493178}
	EndGlobalSection
EndGlobal
